
Microsoft Visual Studio Solution File, Format Version 12.00
# Visual Studio Version 17
VisualStudioVersion = 17.3.32825.248
MinimumVisualStudioVersion = 10.0.40219.1
Project("{F184B08F-C81C-45F6-A57F-5ABD9991F28F}") = "Ejercicio2-Calculadora", "Ejercicio2-Calculadora\Ejercicio2-Calculadora.vbproj", "{614A26FB-83B7-4BA9-ACEC-CF1009EE1C24}"
EndProject
Global
	GlobalSection(SolutionConfigurationPlatforms) = preSolution
		Debug|Any CPU = Debug|Any CPU
		Release|Any CPU = Release|Any CPU
	EndGlobalSection
	GlobalSection(ProjectConfigurationPlatforms) = postSolution
		{614A26FB-83B7-4BA9-ACEC-CF1009EE1C24}.Debug|Any CPU.ActiveCfg = Debug|Any CPU
		{614A26FB-83B7-4BA9-ACEC-CF1009EE1C24}.Debug|Any CPU.Build.0 = Debug|Any CPU
		{614A26FB-83B7-4BA9-ACEC-CF1009EE1C24}.Release|Any CPU.ActiveCfg = Release|Any CPU
		{614A26FB-83B7-4BA9-ACEC-CF1009EE1C24}.Release|Any CPU.Build.0 = Release|Any CPU
	EndGlobalSection
	GlobalSection(SolutionProperties) = preSolution
		HideSolutionNode = FALSE
	EndGlobalSection
	GlobalSection(ExtensibilityGlobals) = postSolution
		SolutionGuid = {846FF5AE-9085-4591-A3D6-CE1D4EA257A8}
	EndGlobalSection
EndGlobal
